{
    "_readme": [
        "This file locks the dependencies of your project to a known state",
        "Read more about it at https://getcomposer.org/doc/01-basic-usage.md#installing-dependencies",
        "This file is @generated automatically"
    ],
    "content-hash": "912d7ec179e509f63fc88b9a25faed92",
    "packages": [
        {
            "name": "doctrine/inflector",
            "version": "2.0.3",
            "source": {
                "type": "git",
                "url": "https://github.com/doctrine/inflector.git",
                "reference": "9cf661f4eb38f7c881cac67c75ea9b00bf97b210"
            },
            "dist": {
                "type": "zip",
                "url": "https://api.github.com/repos/doctrine/inflector/zipball/9cf661f4eb38f7c881cac67c75ea9b00bf97b210",
                "reference": "9cf661f4eb38f7c881cac67c75ea9b00bf97b210",
                "shasum": "",
                "mirrors": [
                    {
                        "url": "https://mirrors.aliyun.com/composer/dists/%package%/%reference%.%type%",
                        "preferred": true
                    }
                ]
            },
            "require": {
                "php": "^7.2 || ^8.0"
            },
            "require-dev": {
                "doctrine/coding-standard": "^7.0",
                "phpstan/phpstan": "^0.11",
                "phpstan/phpstan-phpunit": "^0.11",
                "phpstan/phpstan-strict-rules": "^0.11",
                "phpunit/phpunit": "^7.0 || ^8.0 || ^9.0"
            },
            "type": "library",
            "extra": {
                "branch-alias": {
                    "dev-master": "2.0.x-dev"
                }
            },
            "autoload": {
                "psr-4": {
                    "Doctrine\\Inflector\\": "lib/Doctrine/Inflector"
                }
            },
            "notification-url": "https://packagist.org/downloads/",
            "license": [
                "MIT"
            ],
            "authors": [
                {
                    "name": "Guilherme Blanco",
                    "email": "guilhermeblanco@gmail.com"
                },
                {
                    "name": "Roman Borschel",
                    "email": "roman@code-factory.org"
                },
                {
                    "name": "Benjamin Eberlei",
                    "email": "kontakt@beberlei.de"
                },
                {
                    "name": "Jonathan Wage",
                    "email": "jonwage@gmail.com"
                },
                {
                    "name": "Johannes Schmitt",
                    "email": "schmittjoh@gmail.com"
                }
            ],
            "description": "PHP Doctrine Inflector is a small library that can perform string manipulations with regard to upper/lowercase and singular/plural forms of words.",
            "homepage": "https://www.doctrine-project.org/projects/inflector.html",
            "keywords": [
                "inflection",
                "inflector",
                "lowercase",
                "manipulation",
                "php",
                "plural",
                "singular",
                "strings",
                "uppercase",
                "words"
            ],
            "support": {
                "issues": "https://github.com/doctrine/inflector/issues",
                "source": "https://github.com/doctrine/inflector/tree/2.0.x"
            },
            "funding": [
                {
                    "url": "https://www.doctrine-project.org/sponsorship.html",
                    "type": "custom"
                },
                {
                    "url": "https://www.patreon.com/phpdoctrine",
                    "type": "patreon"
                },
                {
                    "url": "https://tidelift.com/funding/github/packagist/doctrine%2Finflector",
                    "type": "tidelift"
                }
            ],
            "time": "2020-05-29T15:13:26+00:00"
        },
        {
            "name": "hyperf/config",
            "version": "v2.1.0",
            "source": {
                "type": "git",
                "url": "https://github.com/hyperf/config.git",
                "reference": "ec3ca3272f20e2be1cda74d7bd8f5de728ae50ba"
            },
            "dist": {
                "type": "zip",
                "url": "https://api.github.com/repos/hyperf/config/zipball/ec3ca3272f20e2be1cda74d7bd8f5de728ae50ba",
                "reference": "ec3ca3272f20e2be1cda74d7bd8f5de728ae50ba",
                "shasum": "",
                "mirrors": [
                    {
                        "url": "https://mirrors.aliyun.com/composer/dists/%package%/%reference%.%type%",
                        "preferred": true
                    }
                ]
            },
            "require": {
                "hyperf/contract": "~2.1.0",
                "hyperf/utils": "~2.1.0",
                "php": ">=7.2",
                "psr/container": "^1.0",
                "symfony/finder": "^5.0"
            },
            "require-dev": {
                "friendsofphp/php-cs-fixer": "^2.9",
                "hyperf/di": "~2.1.0",
                "hyperf/event": "~2.1.0",
                "hyperf/framework": "~2.1.0",
                "malukenho/docheader": "^0.1.6",
                "mockery/mockery": "^1.0",
                "phpunit/phpunit": "^9.4"
            },
            "suggest": {
                "hyperf/di": "Allows using @Value annotation",
                "hyperf/event": "Allows using @Value annotation",
                "hyperf/framework": "Allows using @Value annotation",
                "vlucas/phpdotenv": "Allows using enviroment value to override the config"
            },
            "type": "library",
            "extra": {
                "branch-alias": {
                    "dev-master": "2.1-dev"
                },
                "hyperf": {
                    "config": "Hyperf\\Config\\ConfigProvider"
                }
            },
            "autoload": {
                "files": [
                    "./src/Functions.php"
                ],
                "psr-4": {
                    "Hyperf\\Config\\": "src/"
                }
            },
            "notification-url": "https://packagist.org/downloads/",
            "license": [
                "MIT"
            ],
            "description": "An independent component that provides configuration container.",
            "homepage": "https://hyperf.io",
            "keywords": [
                "config",
                "configuration",
                "hyperf",
                "php",
                "swoole"
            ],
            "support": {
                "docs": "https://hyperf.wiki",
                "issues": "https://github.com/hyperf/hyperf/issues",
                "pull-request": "https://github.com/hyperf/hyperf/pulls",
                "source": "https://github.com/hyperf/hyperf"
            },
            "time": "2020-12-27T06:12:45+00:00"
        },
        {
            "name": "hyperf/contract",
            "version": "v2.1.16",
            "source": {
                "type": "git",
                "url": "https://github.com/hyperf/contract.git",
                "reference": "f45b49ef5b485f1f3fe482f76a1305cefc60f45a"
            },
            "dist": {
                "type": "zip",
                "url": "https://api.github.com/repos/hyperf/contract/zipball/f45b49ef5b485f1f3fe482f76a1305cefc60f45a",
                "reference": "f45b49ef5b485f1f3fe482f76a1305cefc60f45a",
                "shasum": "",
                "mirrors": [
                    {
                        "url": "https://mirrors.aliyun.com/composer/dists/%package%/%reference%.%type%",
                        "preferred": true
                    }
                ]
            },
            "require": {
                "php": ">=7.2"
            },
            "require-dev": {
                "friendsofphp/php-cs-fixer": "^2.9",
                "malukenho/docheader": "^0.1.6",
                "mockery/mockery": "^1.0",
                "phpunit/phpunit": "^9.4"
            },
            "type": "library",
            "extra": {
                "branch-alias": {
                    "dev-master": "2.1-dev"
                },
                "hyperf": []
            },
            "autoload": {
                "psr-4": {
                    "Hyperf\\Contract\\": "src/"
                }
            },
            "notification-url": "https://packagist.org/downloads/",
            "license": [
                "MIT"
            ],
            "description": "The contracts of Hyperf.",
            "homepage": "https://hyperf.io",
            "keywords": [
                "hyperf",
                "php",
                "swoole"
            ],
            "support": {
                "docs": "https://hyperf.wiki",
                "issues": "https://github.com/hyperf/hyperf/issues",
                "pull-request": "https://github.com/hyperf/hyperf/pulls",
                "source": "https://github.com/hyperf/hyperf"
            },
            "time": "2021-04-21T09:16:31+00:00"
        },
        {
            "name": "hyperf/engine",
            "version": "v1.1.4",
            "source": {
                "type": "git",
                "url": "https://github.com/hyperf/engine.git",
                "reference": "851582289522c17526eed01b210e8be3e64f7d60"
            },
            "dist": {
                "type": "zip",
                "url": "https://api.github.com/repos/hyperf/engine/zipball/851582289522c17526eed01b210e8be3e64f7d60",
                "reference": "851582289522c17526eed01b210e8be3e64f7d60",
                "shasum": "",
                "mirrors": [
                    {
                        "url": "https://mirrors.aliyun.com/composer/dists/%package%/%reference%.%type%",
                        "preferred": true
                    }
                ]
            },
            "require": {
                "php": ">=7.3"
            },
            "require-dev": {
                "friendsofphp/php-cs-fixer": "^3.0",
                "phpstan/phpstan": "^0.12",
                "phpunit/phpunit": "^9.4",
                "swoole/ide-helper": "dev-master"
            },
            "suggest": {
                "ext-swoole": ">=4.5"
            },
            "type": "library",
            "extra": {
                "branch-alias": {
                    "dev-master": "1.0-dev"
                }
            },
            "autoload": {
                "psr-4": {
                    "Hyperf\\Engine\\": "src/"
                }
            },
            "notification-url": "https://packagist.org/downloads/",
            "license": [
                "MIT"
            ],
            "keywords": [
                "hyperf",
                "php"
            ],
            "support": {
                "issues": "https://github.com/hyperf/engine/issues",
                "source": "https://github.com/hyperf/engine/tree/v1.1.4"
            },
            "time": "2021-05-24T03:04:51+00:00"
        },
        {
            "name": "hyperf/utils",
            "version": "v2.1.14",
            "source": {
                "type": "git",
                "url": "https://github.com/hyperf/utils.git",
                "reference": "466d339af938ab334b2a228923236afe9f49e63e"
            },
            "dist": {
                "type": "zip",
                "url": "https://api.github.com/repos/hyperf/utils/zipball/466d339af938ab334b2a228923236afe9f49e63e",
                "reference": "466d339af938ab334b2a228923236afe9f49e63e",
                "shasum": "",
                "mirrors": [
                    {
                        "url": "https://mirrors.aliyun.com/composer/dists/%package%/%reference%.%type%",
                        "preferred": true
                    }
                ]
            },
            "require": {
                "doctrine/inflector": "^2.0",
                "hyperf/contract": "~2.1.0",
                "hyperf/engine": "^1.1",
                "php": ">=7.2"
            },
            "require-dev": {
                "friendsofphp/php-cs-fixer": "^2.9",
                "malukenho/docheader": "^0.1.6",
                "mockery/mockery": "^1.0",
                "phpunit/phpunit": "^9.4",
                "symfony/property-access": "^5.0",
                "symfony/serializer": "^5.0",
                "symfony/var-dumper": "^5.0"
            },
            "suggest": {
                "ext-swoole": "Required to use methods related to swoole (>=4.5).",
                "hyperf/di": "Required to use ExceptionNormalizer",
                "symfony/property-access": "Required to use SymfonyNormalizer (^5.0)",
                "symfony/serializer": "Required to use SymfonyNormalizer (^5.0)",
                "symfony/var-dumper": "Required to use the dd function (^5.0)."
            },
            "type": "library",
            "extra": {
                "hyperf": {
                    "config": "Hyperf\\Utils\\ConfigProvider"
                },
                "branch-alias": {
                    "dev-master": "2.1-dev"
                }
            },
            "autoload": {
                "files": [
                    "src/Functions.php"
                ],
                "psr-4": {
                    "Hyperf\\Utils\\": "src/"
                }
            },
            "notification-url": "https://packagist.org/downloads/",
            "license": [
                "MIT"
            ],
            "description": "A tools package that could help developer solved the problem quickly.",
            "homepage": "https://hyperf.io",
            "keywords": [
                "hyperf",
                "php",
                "swoole",
                "utils"
            ],
            "support": {
                "docs": "https://hyperf.wiki",
                "issues": "https://github.com/hyperf/hyperf/issues",
                "pull-request": "https://github.com/hyperf/hyperf/pulls",
                "source": "https://github.com/hyperf/hyperf"
            },
            "time": "2021-04-09T03:45:20+00:00"
        },
        {
            "name": "psr/container",
            "version": "1.1.1",
            "source": {
                "type": "git",
                "url": "https://github.com/php-fig/container.git",
                "reference": "8622567409010282b7aeebe4bb841fe98b58dcaf"
            },
            "dist": {
                "type": "zip",
                "url": "https://api.github.com/repos/php-fig/container/zipball/8622567409010282b7aeebe4bb841fe98b58dcaf",
                "reference": "8622567409010282b7aeebe4bb841fe98b58dcaf",
                "shasum": "",
                "mirrors": [
                    {
                        "url": "https://mirrors.aliyun.com/composer/dists/%package%/%reference%.%type%",
                        "preferred": true
                    }
                ]
            },
            "require": {
                "php": ">=7.2.0"
            },
            "type": "library",
            "autoload": {
                "psr-4": {
                    "Psr\\Container\\": "src/"
                }
            },
            "notification-url": "https://packagist.org/downloads/",
            "license": [
                "MIT"
            ],
            "authors": [
                {
                    "name": "PHP-FIG",
                    "homepage": "https://www.php-fig.org/"
                }
            ],
            "description": "Common Container Interface (PHP FIG PSR-11)",
            "homepage": "https://github.com/php-fig/container",
            "keywords": [
                "PSR-11",
                "container",
                "container-interface",
                "container-interop",
                "psr"
            ],
            "support": {
                "issues": "https://github.com/php-fig/container/issues",
                "source": "https://github.com/php-fig/container/tree/1.1.1"
            },
            "time": "2021-03-05T17:36:06+00:00"
        },
        {
            "name": "symfony/finder",
            "version": "v5.3.0",
            "source": {
                "type": "git",
                "url": "https://github.com/symfony/finder.git",
                "reference": "0ae3f047bed4edff6fd35b26a9a6bfdc92c953c6"
            },
            "dist": {
                "type": "zip",
                "url": "https://api.github.com/repos/symfony/finder/zipball/0ae3f047bed4edff6fd35b26a9a6bfdc92c953c6",
                "reference": "0ae3f047bed4edff6fd35b26a9a6bfdc92c953c6",
                "shasum": "",
                "mirrors": [
                    {
                        "url": "https://mirrors.aliyun.com/composer/dists/%package%/%reference%.%type%",
                        "preferred": true
                    }
                ]
            },
            "require": {
                "php": ">=7.2.5"
            },
            "type": "library",
            "autoload": {
                "psr-4": {
                    "Symfony\\Component\\Finder\\": ""
                },
                "exclude-from-classmap": [
                    "/Tests/"
                ]
            },
            "notification-url": "https://packagist.org/downloads/",
            "license": [
                "MIT"
            ],
            "authors": [
                {
                    "name": "Fabien Potencier",
                    "email": "fabien@symfony.com"
                },
                {
                    "name": "Symfony Community",
                    "homepage": "https://symfony.com/contributors"
                }
            ],
            "description": "Finds files and directories via an intuitive fluent interface",
            "homepage": "https://symfony.com",
            "support": {
                "source": "https://github.com/symfony/finder/tree/v5.3.0"
            },
            "funding": [
                {
                    "url": "https://symfony.com/sponsor",
                    "type": "custom"
                },
                {
                    "url": "https://github.com/fabpot",
                    "type": "github"
                },
                {
                    "url": "https://tidelift.com/funding/github/packagist/symfony/symfony",
                    "type": "tidelift"
                }
            ],
            "time": "2021-05-26T12:52:38+00:00"
        }
    ],
    "packages-dev": [],
    "aliases": [],
    "minimum-stability": "stable",
    "stability-flags": [],
    "prefer-stable": false,
    "prefer-lowest": false,
    "platform": {
        "php": ">=7.4"
    },
    "platform-dev": [],
    "plugin-api-version": "2.0.0"
}
